
Microsoft Visual Studio Solution File, Format Version 12.00
# Visual Studio 15
VisualStudioVersion = 15.0.26730.16
MinimumVisualStudioVersion = 10.0.40219.1
Project("{2150E333-8FDC-42A3-9474-1A3956D46DE8}") = "TestClients", "TestClients", "{BA06BB50-E1B2-47EC-862F-4FC89EAC00AE}"
EndProject
Project("{9A19103F-16F7-4668-BE54-9A1E7A4F7556}") = "Boilerplate.TestApi", "test\BoilerPlate.TestApi\Boilerplate.TestApi.csproj", "{F4A8E913-A4DE-4464-921E-85E2E9B6FF07}"
EndProject
Project("{9A19103F-16F7-4668-BE54-9A1E7A4F7556}") = "Boilerplate.TestConsole", "test\Boilerplate.TestConsole\Boilerplate.TestConsole.csproj", "{DD9EDC65-808E-4B67-9472-2A11BD84130D}"
EndProject
Project("{9A19103F-16F7-4668-BE54-9A1E7A4F7556}") = "Boilerplate.OAuth", "src\Boilerplate.Oauth\Boilerplate.OAuth.csproj", "{D52EA82C-4F39-4F9C-BFD7-57BCA517BC03}"
EndProject
Project("{9A19103F-16F7-4668-BE54-9A1E7A4F7556}") = "Boilerplate.TestWeb", "test\Boilerplate.TestWeb\Boilerplate.TestWeb.csproj", "{84220E41-2875-4762-BA5E-993A21FF18FB}"
EndProject
Global
	GlobalSection(SolutionConfigurationPlatforms) = preSolution
		Debug|Any CPU = Debug|Any CPU
		Release|Any CPU = Release|Any CPU
	EndGlobalSection
	GlobalSection(ProjectConfigurationPlatforms) = postSolution
		{F4A8E913-A4DE-4464-921E-85E2E9B6FF07}.Debug|Any CPU.ActiveCfg = Debug|Any CPU
		{F4A8E913-A4DE-4464-921E-85E2E9B6FF07}.Debug|Any CPU.Build.0 = Debug|Any CPU
		{F4A8E913-A4DE-4464-921E-85E2E9B6FF07}.Release|Any CPU.ActiveCfg = Release|Any CPU
		{F4A8E913-A4DE-4464-921E-85E2E9B6FF07}.Release|Any CPU.Build.0 = Release|Any CPU
		{DD9EDC65-808E-4B67-9472-2A11BD84130D}.Debug|Any CPU.ActiveCfg = Debug|Any CPU
		{DD9EDC65-808E-4B67-9472-2A11BD84130D}.Debug|Any CPU.Build.0 = Debug|Any CPU
		{DD9EDC65-808E-4B67-9472-2A11BD84130D}.Release|Any CPU.ActiveCfg = Release|Any CPU
		{DD9EDC65-808E-4B67-9472-2A11BD84130D}.Release|Any CPU.Build.0 = Release|Any CPU
		{D52EA82C-4F39-4F9C-BFD7-57BCA517BC03}.Debug|Any CPU.ActiveCfg = Debug|Any CPU
		{D52EA82C-4F39-4F9C-BFD7-57BCA517BC03}.Debug|Any CPU.Build.0 = Debug|Any CPU
		{D52EA82C-4F39-4F9C-BFD7-57BCA517BC03}.Release|Any CPU.ActiveCfg = Release|Any CPU
		{D52EA82C-4F39-4F9C-BFD7-57BCA517BC03}.Release|Any CPU.Build.0 = Release|Any CPU
		{84220E41-2875-4762-BA5E-993A21FF18FB}.Debug|Any CPU.ActiveCfg = Debug|Any CPU
		{84220E41-2875-4762-BA5E-993A21FF18FB}.Debug|Any CPU.Build.0 = Debug|Any CPU
		{84220E41-2875-4762-BA5E-993A21FF18FB}.Release|Any CPU.ActiveCfg = Release|Any CPU
		{84220E41-2875-4762-BA5E-993A21FF18FB}.Release|Any CPU.Build.0 = Release|Any CPU
	EndGlobalSection
	GlobalSection(SolutionProperties) = preSolution
		HideSolutionNode = FALSE
	EndGlobalSection
	GlobalSection(NestedProjects) = preSolution
		{F4A8E913-A4DE-4464-921E-85E2E9B6FF07} = {BA06BB50-E1B2-47EC-862F-4FC89EAC00AE}
		{DD9EDC65-808E-4B67-9472-2A11BD84130D} = {BA06BB50-E1B2-47EC-862F-4FC89EAC00AE}
		{84220E41-2875-4762-BA5E-993A21FF18FB} = {BA06BB50-E1B2-47EC-862F-4FC89EAC00AE}
	EndGlobalSection
	GlobalSection(ExtensibilityGlobals) = postSolution
		SolutionGuid = {BFA917D8-563E-4EEE-BED2-D4CC3BA5EE0E}
	EndGlobalSection
EndGlobal
